PODS:
  - Alamofire (5.5.0)
  - AlamofireImage (4.2.0):
    - Alamofire (~> 5.4)
  - Bolts/Tasks (1.9.1)
  - Koloda (5.0.1):
    - pop (~> 1.0)
  - Parse (1.19.3):
    - Parse/Core (= 1.19.3)
  - Parse/Core (1.19.3):
    - Bolts/Tasks (= 1.9.1)
  - pop (1.0.12)

DEPENDENCIES:
  - AlamofireImage
  - Koloda
  - Parse
  - pop (~> 1.0)

SPEC REPOS:
  trunk:
    - Alamofire
    - AlamofireImage
    - Bolts
    - Koloda
    - Parse
    - pop

SPEC CHECKSUMS:
  Alamofire: 1c4fb5369c3fe93d2857c780d8bbe09f06f97e7c
  AlamofireImage: 34a2d90b0e5fe6a5605f85ae4b7b01e784c60192
  Bolts: 8c1e8aab2f603387b8b9924f57d1d64f43d3ffdc
  Koloda: d07b9199a383abc5898b62aa945a599f5e7c0c4b
  Parse: 0abb63a0ff6fa34a3f64b81d595a294e2ece143a
  pop: d582054913807fd11fd50bfe6a539d91c7e1a55a

PODFILE CHECKSUM: 3bcf3005fe080364564df3fb3996aa9a717272ce

COCOAPODS: 1.11.3
